
Microsoft Visual Studio Solution File, Format Version 12.00
# Visual Studio 15
VisualStudioVersion = 15.0.28307.1738
MinimumVisualStudioVersion = 10.0.40219.1
Project("{FAE04EC0-301F-11D3-BF4B-00C04F79EFBC}") = "KTA-ScriptNoteTester", "KTA-ScriptNoteTester\KTA-ScriptNoteTester.csproj", "{6175630A-A605-4DF3-8E7E-42419E6BE2D2}"
EndProject
Global
	GlobalSection(SolutionConfigurationPlatforms) = preSolution
		Debug|Any CPU = Debug|Any CPU
		Release|Any CPU = Release|Any CPU
	EndGlobalSection
	GlobalSection(ProjectConfigurationPlatforms) = postSolution
		{6175630A-A605-4DF3-8E7E-42419E6BE2D2}.Debug|Any CPU.ActiveCfg = Debug|Any CPU
		{6175630A-A605-4DF3-8E7E-42419E6BE2D2}.Debug|Any CPU.Build.0 = Debug|Any CPU
		{6175630A-A605-4DF3-8E7E-42419E6BE2D2}.Release|Any CPU.ActiveCfg = Release|Any CPU
		{6175630A-A605-4DF3-8E7E-42419E6BE2D2}.Release|Any CPU.Build.0 = Release|Any CPU
	EndGlobalSection
	GlobalSection(SolutionProperties) = preSolution
		HideSolutionNode = FALSE
	EndGlobalSection
	GlobalSection(ExtensibilityGlobals) = postSolution
		SolutionGuid = {0C3C1835-237F-4F65-A81B-CBAC4DF440AF}
	EndGlobalSection
EndGlobal
